
Microsoft Visual Studio Solution File, Format Version 12.00
# Visual Studio 15
VisualStudioVersion = 15.0.27703.2018
MinimumVisualStudioVersion = 10.0.40219.1
Project("{FAE04EC0-301F-11D3-BF4B-00C04F79EFBC}") = "Editing a Resource File - web application", "Editing a Resource File - web application\Editing a Resource File - web application.csproj", "{7D9992C8-98B3-4EC0-BCED-3026EEF3EC66}"
EndProject
Project("{FAE04EC0-301F-11D3-BF4B-00C04F79EFBC}") = "ResxEditor", "ResxEditor\ResxEditor.csproj", "{8A6F9EDD-C833-4544-9A61-57F66CDAE65A}"
EndProject
Global
	GlobalSection(SolutionConfigurationPlatforms) = preSolution
		Debug|Any CPU = Debug|Any CPU
		Release|Any CPU = Release|Any CPU
	EndGlobalSection
	GlobalSection(ProjectConfigurationPlatforms) = postSolution
		{7D9992C8-98B3-4EC0-BCED-3026EEF3EC66}.Debug|Any CPU.ActiveCfg = Debug|Any CPU
		{7D9992C8-98B3-4EC0-BCED-3026EEF3EC66}.Debug|Any CPU.Build.0 = Debug|Any CPU
		{7D9992C8-98B3-4EC0-BCED-3026EEF3EC66}.Release|Any CPU.ActiveCfg = Release|Any CPU
		{7D9992C8-98B3-4EC0-BCED-3026EEF3EC66}.Release|Any CPU.Build.0 = Release|Any CPU
		{8A6F9EDD-C833-4544-9A61-57F66CDAE65A}.Debug|Any CPU.ActiveCfg = Debug|Any CPU
		{8A6F9EDD-C833-4544-9A61-57F66CDAE65A}.Debug|Any CPU.Build.0 = Debug|Any CPU
		{8A6F9EDD-C833-4544-9A61-57F66CDAE65A}.Release|Any CPU.ActiveCfg = Release|Any CPU
		{8A6F9EDD-C833-4544-9A61-57F66CDAE65A}.Release|Any CPU.Build.0 = Release|Any CPU
	EndGlobalSection
	GlobalSection(SolutionProperties) = preSolution
		HideSolutionNode = FALSE
	EndGlobalSection
	GlobalSection(ExtensibilityGlobals) = postSolution
		SolutionGuid = {F3967FF4-649D-4014-A69B-D2A708EBFF6E}
	EndGlobalSection
EndGlobal
